
Microsoft Visual Studio Solution File, Format Version 12.00
# Visual Studio Version 17
VisualStudioVersion = 17.7.34031.279
MinimumVisualStudioVersion = 10.0.40219.1
Project("{FAE04EC0-301F-11D3-BF4B-00C04F79EFBC}") = "EmailAspNetCore", "EmailAspNetCore\EmailAspNetCore.csproj", "{ED84B9F9-E019-4B17-9039-BD78DE31E8B4}"
EndProject
Global
	GlobalSection(SolutionConfigurationPlatforms) = preSolution
		Debug|Any CPU = Debug|Any CPU
		Release|Any CPU = Release|Any CPU
	EndGlobalSection
	GlobalSection(ProjectConfigurationPlatforms) = postSolution
		{ED84B9F9-E019-4B17-9039-BD78DE31E8B4}.Debug|Any CPU.ActiveCfg = Debug|Any CPU
		{ED84B9F9-E019-4B17-9039-BD78DE31E8B4}.Debug|Any CPU.Build.0 = Debug|Any CPU
		{ED84B9F9-E019-4B17-9039-BD78DE31E8B4}.Release|Any CPU.ActiveCfg = Release|Any CPU
		{ED84B9F9-E019-4B17-9039-BD78DE31E8B4}.Release|Any CPU.Build.0 = Release|Any CPU
	EndGlobalSection
	GlobalSection(SolutionProperties) = preSolution
		HideSolutionNode = FALSE
	EndGlobalSection
	GlobalSection(ExtensibilityGlobals) = postSolution
		SolutionGuid = {F1CA553F-A85E-4C66-914B-4E91B723FFE6}
	EndGlobalSection
EndGlobal
